
Microsoft Visual Studio Solution File, Format Version 12.00
# Visual Studio Version 17
VisualStudioVersion = 17.7.34031.279
MinimumVisualStudioVersion = 10.0.40219.1
Project("{FAE04EC0-301F-11D3-BF4B-00C04F79EFBC}") = "Task1", "Task1\Task1.csproj", "{848DCE9E-0885-42A3-BD03-BE22880A31E4}"
EndProject
Project("{FAE04EC0-301F-11D3-BF4B-00C04F79EFBC}") = "Task2", "Task2\Task2.csproj", "{4DF64D37-E244-4D1A-8BC0-32A897FDC2AE}"
EndProject
Project("{FAE04EC0-301F-11D3-BF4B-00C04F79EFBC}") = "Task3", "Task3\Task3.csproj", "{21E35EC3-0E43-4EB6-B195-46E03B238CB6}"
EndProject
Project("{FAE04EC0-301F-11D3-BF4B-00C04F79EFBC}") = "Task4", "Task4\Task4.csproj", "{EBC36BC7-D9DF-490B-BCA5-46513A479597}"
EndProject
Project("{FAE04EC0-301F-11D3-BF4B-00C04F79EFBC}") = "Task5", "Task5\Task5.csproj", "{8B09A656-28D6-40EB-8110-7627232E1C3B}"
EndProject
Global
	GlobalSection(SolutionConfigurationPlatforms) = preSolution
		Debug|Any CPU = Debug|Any CPU
		Release|Any CPU = Release|Any CPU
	EndGlobalSection
	GlobalSection(ProjectConfigurationPlatforms) = postSolution
		{848DCE9E-0885-42A3-BD03-BE22880A31E4}.Debug|Any CPU.ActiveCfg = Debug|Any CPU
		{848DCE9E-0885-42A3-BD03-BE22880A31E4}.Debug|Any CPU.Build.0 = Debug|Any CPU
		{848DCE9E-0885-42A3-BD03-BE22880A31E4}.Release|Any CPU.ActiveCfg = Release|Any CPU
		{848DCE9E-0885-42A3-BD03-BE22880A31E4}.Release|Any CPU.Build.0 = Release|Any CPU
		{4DF64D37-E244-4D1A-8BC0-32A897FDC2AE}.Debug|Any CPU.ActiveCfg = Debug|Any CPU
		{4DF64D37-E244-4D1A-8BC0-32A897FDC2AE}.Debug|Any CPU.Build.0 = Debug|Any CPU
		{4DF64D37-E244-4D1A-8BC0-32A897FDC2AE}.Release|Any CPU.ActiveCfg = Release|Any CPU
		{4DF64D37-E244-4D1A-8BC0-32A897FDC2AE}.Release|Any CPU.Build.0 = Release|Any CPU
		{21E35EC3-0E43-4EB6-B195-46E03B238CB6}.Debug|Any CPU.ActiveCfg = Debug|Any CPU
		{21E35EC3-0E43-4EB6-B195-46E03B238CB6}.Debug|Any CPU.Build.0 = Debug|Any CPU
		{21E35EC3-0E43-4EB6-B195-46E03B238CB6}.Release|Any CPU.ActiveCfg = Release|Any CPU
		{21E35EC3-0E43-4EB6-B195-46E03B238CB6}.Release|Any CPU.Build.0 = Release|Any CPU
		{EBC36BC7-D9DF-490B-BCA5-46513A479597}.Debug|Any CPU.ActiveCfg = Debug|Any CPU
		{EBC36BC7-D9DF-490B-BCA5-46513A479597}.Debug|Any CPU.Build.0 = Debug|Any CPU
		{EBC36BC7-D9DF-490B-BCA5-46513A479597}.Release|Any CPU.ActiveCfg = Release|Any CPU
		{EBC36BC7-D9DF-490B-BCA5-46513A479597}.Release|Any CPU.Build.0 = Release|Any CPU
		{8B09A656-28D6-40EB-8110-7627232E1C3B}.Debug|Any CPU.ActiveCfg = Debug|Any CPU
		{8B09A656-28D6-40EB-8110-7627232E1C3B}.Debug|Any CPU.Build.0 = Debug|Any CPU
		{8B09A656-28D6-40EB-8110-7627232E1C3B}.Release|Any CPU.ActiveCfg = Release|Any CPU
		{8B09A656-28D6-40EB-8110-7627232E1C3B}.Release|Any CPU.Build.0 = Release|Any CPU
	EndGlobalSection
	GlobalSection(SolutionProperties) = preSolution
		HideSolutionNode = FALSE
	EndGlobalSection
	GlobalSection(ExtensibilityGlobals) = postSolution
		SolutionGuid = {C6752947-CC7D-4808-9275-62B39B0060E4}
	EndGlobalSection
EndGlobal
